
Microsoft Visual Studio Solution File, Format Version 12.00
# Visual Studio 15
VisualStudioVersion = 15.0.28307.902
MinimumVisualStudioVersion = 10.0.40219.1
Project("{00D1A9C2-B5F0-4AF3-8072-F6C62B433612}") = "TestDatabase1", "TestDatabase1\TestDatabase1.sqlproj", "{36F64280-9DE3-4207-97B8-69C0B18BA8EC}"
EndProject
Global
	GlobalSection(SolutionConfigurationPlatforms) = preSolution
		Debug|Any CPU = Debug|Any CPU
		Release|Any CPU = Release|Any CPU
	EndGlobalSection
	GlobalSection(ProjectConfigurationPlatforms) = postSolution
		{36F64280-9DE3-4207-97B8-69C0B18BA8EC}.Debug|Any CPU.ActiveCfg = Debug|Any CPU
		{36F64280-9DE3-4207-97B8-69C0B18BA8EC}.Debug|Any CPU.Build.0 = Debug|Any CPU
		{36F64280-9DE3-4207-97B8-69C0B18BA8EC}.Debug|Any CPU.Deploy.0 = Debug|Any CPU
		{36F64280-9DE3-4207-97B8-69C0B18BA8EC}.Release|Any CPU.ActiveCfg = Release|Any CPU
		{36F64280-9DE3-4207-97B8-69C0B18BA8EC}.Release|Any CPU.Build.0 = Release|Any CPU
		{36F64280-9DE3-4207-97B8-69C0B18BA8EC}.Release|Any CPU.Deploy.0 = Release|Any CPU
	EndGlobalSection
	GlobalSection(SolutionProperties) = preSolution
		HideSolutionNode = FALSE
	EndGlobalSection
	GlobalSection(ExtensibilityGlobals) = postSolution
		SolutionGuid = {8D1BB60C-8CA9-45E3-85EE-62EA45305064}
	EndGlobalSection
EndGlobal
